
Microsoft Visual Studio Solution File, Format Version 12.00
# Visual Studio Version 16
VisualStudioVersion = 16.0.31702.278
MinimumVisualStudioVersion = 10.0.40219.1
Project("{FAE04EC0-301F-11D3-BF4B-00C04F79EFBC}") = "whileloopexercise", "whileloopexercise\whileloopexercise.csproj", "{F808C6CD-7B83-40DC-B08C-FCDC41D9953F}"
EndProject
Global
	GlobalSection(SolutionConfigurationPlatforms) = preSolution
		Debug|Any CPU = Debug|Any CPU
		Release|Any CPU = Release|Any CPU
	EndGlobalSection
	GlobalSection(ProjectConfigurationPlatforms) = postSolution
		{F808C6CD-7B83-40DC-B08C-FCDC41D9953F}.Debug|Any CPU.ActiveCfg = Debug|Any CPU
		{F808C6CD-7B83-40DC-B08C-FCDC41D9953F}.Debug|Any CPU.Build.0 = Debug|Any CPU
		{F808C6CD-7B83-40DC-B08C-FCDC41D9953F}.Release|Any CPU.ActiveCfg = Release|Any CPU
		{F808C6CD-7B83-40DC-B08C-FCDC41D9953F}.Release|Any CPU.Build.0 = Release|Any CPU
	EndGlobalSection
	GlobalSection(SolutionProperties) = preSolution
		HideSolutionNode = FALSE
	EndGlobalSection
	GlobalSection(ExtensibilityGlobals) = postSolution
		SolutionGuid = {F579AFE5-BB49-422F-A3A4-18936BDF6EB5}
	EndGlobalSection
EndGlobal
